[[package]]
name = "apache-beam"
version = "2.25.0"
description = "Apache Beam SDK for Python"
category = "main"
optional = false
python-versions = ">=3.6"

[package.dependencies]
avro-python3 = {version = ">=1.8.1,<1.9.2 || >1.9.2,<1.10.0", markers = "python_version >= \"3.0\""}
cachetools = {version = ">=3.1.0,<5", optional = true, markers = "extra == \"gcp\""}
crcmod = ">=1.7,<2.0"
dill = ">=0.3.1.1,<0.3.2"
fastavro = ">=0.21.4,<2"
future = ">=0.18.2,<1.0.0"
google-apitools = {version = ">=0.5.31,<0.5.32", optional = true, markers = "extra == \"gcp\""}
google-auth = {version = ">=1.18.0,<2", optional = true, markers = "extra == \"gcp\""}
google-cloud-bigquery = {version = ">=1.6.0,<2", optional = true, markers = "extra == \"gcp\""}
google-cloud-bigtable = {version = ">=0.31.1,<2", optional = true, markers = "extra == \"gcp\""}
google-cloud-build = {version = ">=2.0.0,<3", optional = true, markers = "python_version >= \"3.6\" and extra == \"gcp\""}
google-cloud-core = {version = ">=0.28.1,<2", optional = true, markers = "extra == \"gcp\""}
google-cloud-datastore = {version = ">=1.7.1,<2", optional = true, markers = "extra == \"gcp\""}
google-cloud-dlp = {version = ">=0.12.0,<2", optional = true, markers = "extra == \"gcp\""}
google-cloud-language = {version = ">=1.3.0,<2", optional = true, markers = "extra == \"gcp\""}
google-cloud-pubsub = {version = ">=0.39.0,<2", optional = true, markers = "extra == \"gcp\""}
google-cloud-spanner = {version = ">=1.13.0,<2", optional = true, markers = "extra == \"gcp\""}
google-cloud-videointelligence = {version = ">=1.8.0,<2", optional = true, markers = "extra == \"gcp\""}
google-cloud-vision = {version = ">=0.38.0,<2", optional = true, markers = "extra == \"gcp\""}
grpcio = ">=1.29.0,<2"
grpcio-gcp = {version = ">=0.2.2,<1", optional = true, markers = "extra == \"gcp\""}
hdfs = ">=2.1.0,<3.0.0"
httplib2 = ">=0.8,<0.18.0"
mock = ">=1.0.1,<3.0.0"
numpy = ">=1.14.3,<2"
oauth2client = ">=2.0.1,<5"
protobuf = ">=3.12.2,<4"
pyarrow = {version = ">=0.15.1,<0.18.0", markers = "python_version >= \"3.0\" or platform_system != \"Windows\""}
pydot = ">=1.2.0,<2"
pymongo = ">=3.8.0,<4.0.0"
python-dateutil = ">=2.8.0,<3"
pytz = ">=2018.3"
requests = ">=2.24.0,<3.0.0"
typing-extensions = ">=3.7.0,<3.8.0"

[package.extras]
aws = ["boto3 (>=1.9)"]
azure = ["azure-storage-blob (>=12.3.2)", "azure-core (>=1.7.0)"]
docs = ["Sphinx (>=1.5.2,<2.0)"]
gcp = ["cachetools (>=3.1.0,<5)", "google-apitools (>=0.5.31,<0.5.32)", "google-auth (>=1.18.0,<2)", "google-cloud-datastore (>=1.7.1,<2)", "google-cloud-pubsub (>=0.39.0,<2)", "google-cloud-bigquery (>=1.6.0,<2)", "google-cloud-core (>=0.28.1,<2)", "google-cloud-bigtable (>=0.31.1,<2)", "google-cloud-spanner (>=1.13.0,<2)", "grpcio-gcp (>=0.2.2,<1)", "google-cloud-dlp (>=0.12.0,<2)", "google-cloud-language (>=1.3.0,<2)", "google-cloud-videointelligence (>=1.8.0,<2)", "google-cloud-vision (>=0.38.0,<2)", "google-cloud-build (>=2.0.0,<3)"]
interactive = ["facets-overview (>=1.0.0,<2)", "ipython (>=5.8.0,<8)", "ipykernel (>=5.2.0,<6)", "timeloop (>=1.0.2,<2)"]
interactive_test = ["nbformat (>=5.0.5,<6)", "nbconvert (>=5.6.1,<6)", "jupyter-client (>=6.1.2,<7)", "selenium (>=3.141.0,<4)", "needle (>=0.5.0,<1)", "chromedriver-binary (>=83,<84)", "pillow (>=7.1.1,<8)"]
test = ["freezegun (>=0.3.12)", "nose (>=1.3.7)", "nose-xunitmp (>=0.4.1)", "parameterized (>=0.7.1,<0.8.0)", "pyhamcrest (>=1.9,!=1.10.0,<2.0.0)", "pyyaml (>=3.12,<6.0.0)", "requests-mock (>=1.7,<2.0)", "tenacity (>=5.0.2,<6.0)", "pytest (>=4.4.0,<5.0)", "pytest-xdist (>=1.29.0,<2)", "pytest-timeout (>=1.3.3,<2)", "pandas (>=0.24.2,<2)", "pandas (>=0.25.2,<2)", "rsa (<4.1)", "sqlalchemy (>=1.3,<2.0)", "psycopg2-binary (>=2.8.5,<3.0.0)", "testcontainers (>=3.0.3,<4.0.0)"]

[[package]]
name = "appdirs"
version = "1.4.4"
description = "A small Python module for determining appropriate platform-specific dirs, e.g. a \"user data dir\"."
category = "dev"
optional = false
python-versions = "*"

[[package]]
name = "astroid"
version = "2.4.2"
description = "An abstract syntax tree for Python with inference support."
category = "dev"
optional = false
python-versions = ">=3.5"

[package.dependencies]
lazy-object-proxy = ">=1.4.0,<1.5.0"
six = ">=1.12,<2.0"
typed-ast = {version = ">=1.4.0,<1.5", markers = "implementation_name == \"cpython\" and python_version < \"3.8\""}
wrapt = ">=1.11,<2.0"

[[package]]
name = "atomicwrites"
version = "1.4.0"
description = "Atomic file writes."
category = "dev"
optional = false
python-versions = ">=2.7, !=3.0.*, !=3.1.*, !=3.2.*, !=3.3.*"

[[package]]
name = "attrs"
version = "20.3.0"
description = "Classes Without Boilerplate"
category = "dev"
optional = false
python-versions = ">=2.7, !=3.0.*, !=3.1.*, !=3.2.*, !=3.3.*"

[package.extras]
dev = ["coverage[toml] (>=5.0.2)", "hypothesis", "pympler", "pytest (>=4.3.0)", "six", "zope.interface", "furo", "sphinx", "pre-commit"]
docs = ["furo", "sphinx", "zope.interface"]
tests = ["coverage[toml] (>=5.0.2)", "hypothesis", "pympler", "pytest (>=4.3.0)", "six", "zope.interface"]
tests_no_zope = ["coverage[toml] (>=5.0.2)", "hypothesis", "pympler", "pytest (>=4.3.0)", "six"]

[[package]]
name = "avro-python3"
version = "1.9.2.1"
description = "Avro is a serialization and RPC framework."
category = "main"
optional = false
python-versions = ">=3.5"

[package.extras]
snappy = ["python-snappy"]
zstandard = ["zstandard"]

[[package]]
name = "bandit"
version = "1.6.3"
description = "Security oriented static analyser for python code."
category = "dev"
optional = false
python-versions = ">=3.5"

[package.dependencies]
colorama = {version = ">=0.3.9", markers = "platform_system == \"Windows\""}
GitPython = ">=1.0.1"
PyYAML = ">=5.3.1"
six = ">=1.10.0"
stevedore = ">=1.20.0"

[[package]]
name = "black"
version = "20.8b1"
description = "The uncompromising code formatter."
category = "dev"
optional = false
python-versions = ">=3.6"

[package.dependencies]
appdirs = "*"
click = ">=7.1.2"
mypy-extensions = ">=0.4.3"
pathspec = ">=0.6,<1"
regex = ">=2020.1.8"
toml = ">=0.10.1"
typed-ast = ">=1.4.0"
typing-extensions = ">=3.7.4"

[package.extras]
colorama = ["colorama (>=0.4.3)"]
d = ["aiohttp (>=3.3.2)", "aiohttp-cors"]

[[package]]
name = "cachetools"
version = "4.1.1"
description = "Extensible memoizing collections and decorators"
category = "main"
optional = false
python-versions = "~=3.5"

[[package]]
name = "certifi"
version = "2020.12.5"
description = "Python package for providing Mozilla's CA Bundle."
category = "main"
optional = false
python-versions = "*"

[[package]]
name = "cffi"
version = "1.14.4"
description = "Foreign Function Interface for Python calling C code."
category = "main"
optional = false
python-versions = "*"

[package.dependencies]
pycparser = "*"

[[package]]
name = "cfgv"
version = "3.2.0"
description = "Validate configuration and produce human readable error messages."
category = "dev"
optional = false
python-versions = ">=3.6.1"

[[package]]
name = "chardet"
version = "3.0.4"
description = "Universal encoding detector for Python 2 and 3"
category = "main"
optional = false
python-versions = "*"

[[package]]
name = "click"
version = "7.1.2"
description = "Composable command line interface toolkit"
category = "main"
optional = false
python-versions = ">=2.7, !=3.0.*, !=3.1.*, !=3.2.*, !=3.3.*, !=3.4.*"

[[package]]
name = "colorama"
version = "0.4.4"
description = "Cross-platform colored terminal text."
category = "main"
optional = false
python-versions = ">=2.7, !=3.0.*, !=3.1.*, !=3.2.*, !=3.3.*, !=3.4.*"

[[package]]
name = "commonmark"
version = "0.9.1"
description = "Python parser for the CommonMark Markdown spec"
category = "main"
optional = false
python-versions = "*"

[package.extras]
test = ["flake8 (==3.7.8)", "hypothesis (==3.55.3)"]

[[package]]
name = "crcmod"
version = "1.7"
description = "CRC Generator"
category = "main"
optional = false
python-versions = "*"

[[package]]
name = "darglint"
version = "1.5.8"
description = "A utility for ensuring Google-style docstrings stay up to date with the source code."
category = "dev"
optional = false
python-versions = ">=3.6,<4.0"

[[package]]
name = "dill"
version = "0.3.1.1"
description = "serialize all of python"
category = "main"
optional = false
python-versions = ">=2.6, !=3.0.*"

[package.extras]
graph = ["objgraph (>=1.7.2)"]

[[package]]
name = "distlib"
version = "0.3.1"
description = "Distribution utilities"
category = "dev"
optional = false
python-versions = "*"

[[package]]
name = "docopt"
version = "0.6.2"
description = "Pythonic argument parser, that will make you smile"
category = "main"
optional = false
python-versions = "*"

[[package]]
name = "dparse"
version = "0.5.1"
description = "A parser for Python dependency files"
category = "dev"
optional = false
python-versions = ">=3.5"

[package.dependencies]
packaging = "*"
pyyaml = "*"
toml = "*"

[package.extras]
pipenv = ["pipenv"]

[[package]]
name = "fastavro"
version = "1.2.1"
description = "Fast read/write of AVRO files"
category = "main"
optional = false
python-versions = ">=3.6"

[package.extras]
codecs = ["python-snappy", "zstandard", "lz4"]
lz4 = ["lz4"]
snappy = ["python-snappy"]
zstandard = ["zstandard"]

[[package]]
name = "fasteners"
version = "0.15"
description = "A python package that provides useful locks."
category = "main"
optional = false
python-versions = "*"

[package.dependencies]
monotonic = ">=0.1"
six = "*"

[[package]]
name = "filelock"
version = "3.0.12"
description = "A platform independent file lock."
category = "dev"
optional = false
python-versions = "*"

[[package]]
name = "future"
version = "0.18.2"
description = "Clean single-source support for Python 3 and 2"
category = "main"
optional = false
python-versions = ">=2.6, !=3.0.*, !=3.1.*, !=3.2.*"

[[package]]
name = "gitdb"
version = "4.0.5"
description = "Git Object Database"
category = "dev"
optional = false
python-versions = ">=3.4"

[package.dependencies]
smmap = ">=3.0.1,<4"

[[package]]
name = "gitpython"
version = "3.1.11"
description = "Python Git Library"
category = "dev"
optional = false
python-versions = ">=3.4"

[package.dependencies]
gitdb = ">=4.0.1,<5"

[[package]]
name = "google-api-core"
version = "1.31.6"
description = "Google API client core library"
category = "main"
optional = false
python-versions = ">=2.7,!=3.0.*,!=3.1.*,!=3.2.*,!=3.3.*,!=3.4.*,!=3.5.*"

[package.dependencies]
google-auth = ">=1.25.0,<2.0dev"
googleapis-common-protos = ">=1.6.0,<2.0dev"
grpcio = {version = ">=1.29.0,<2.0dev", optional = true, markers = "extra == \"grpc\""}
grpcio-gcp = {version = ">=0.2.2", optional = true, markers = "extra == \"grpcgcp\""}
packaging = ">=14.3"
protobuf = {version = ">=3.12.0,<4.0.0dev", markers = "python_version > \"3\""}
pytz = "*"
requests = ">=2.18.0,<3.0.0dev"
six = ">=1.13.0"

[package.extras]
grpc = ["grpcio (>=1.29.0,<2.0dev)"]
grpcgcp = ["grpcio-gcp (>=0.2.2)"]
grpcio-gcp = ["grpcio-gcp (>=0.2.2)"]

[[package]]
name = "google-apitools"
version = "0.5.31"
description = "client libraries for humans"
category = "main"
optional = false
python-versions = ">=2.7, !=3.0.*, !=3.1.*, !=3.2.*, !=3.3.*, !=3.4.*"

[package.dependencies]
fasteners = ">=0.14"
httplib2 = ">=0.8"
oauth2client = ">=1.4.12"
six = ">=1.12.0"

[package.extras]
cli = ["python-gflags (>=3.0.6)"]
testing = ["mock (>=1.0.1)"]

[[package]]
name = "google-auth"
version = "1.35.0"
description = "Google Authentication Library"
category = "main"
optional = false
python-versions = ">=2.7,!=3.0.*,!=3.1.*,!=3.2.*,!=3.3.*,!=3.4.*,!=3.5.*"

[package.dependencies]
cachetools = ">=2.0.0,<5.0"
pyasn1-modules = ">=0.2.1"
rsa = {version = ">=3.1.4,<5", markers = "python_version >= \"3.6\""}
six = ">=1.9.0"

[package.extras]
aiohttp = ["requests (>=2.20.0,<3.0.0dev)", "aiohttp (>=3.6.2,<4.0.0dev)"]
pyopenssl = ["pyopenssl (>=20.0.0)"]
reauth = ["pyu2f (>=0.1.5)"]

[[package]]
name = "google-cloud-bigquery"
version = "1.28.0"
description = "Google BigQuery API client library"
category = "main"
optional = false
python-versions = ">=2.7,!=3.0.*,!=3.1.*,!=3.2.*,!=3.3.*"

[package.dependencies]
google-api-core = ">=1.21.0,<2.0dev"
google-cloud-core = ">=1.4.1,<2.0dev"
google-resumable-media = ">=0.6.0,<2.0dev"
six = ">=1.13.0,<2.0.0dev"

[package.extras]
all = ["google-cloud-bigquery-storage (>=1.0.0,<2.0.0dev)", "grpcio (>=1.32.0,<2.0dev)", "pyarrow (>=1.0.0,<2.0dev)", "pandas (>=0.23.0)", "tqdm (>=4.7.4,<5.0.0dev)", "opentelemetry-api (==0.9b0)", "opentelemetry-sdk (==0.9b0)", "opentelemetry-instrumentation (==0.9b0)", "pyarrow (>=0.16.0,<0.17.0dev)", "pyarrow (>=1.0.0,<2.0de)"]
bqstorage = ["google-cloud-bigquery-storage (>=1.0.0,<2.0.0dev)", "grpcio (>=1.32.0,<2.0dev)", "pyarrow (>=1.0.0,<2.0dev)"]
fastparquet = ["fastparquet", "python-snappy", "llvmlite (<=0.31.0)", "llvmlite (<=0.34.0)"]
opentelemetry = ["opentelemetry-api (==0.9b0)", "opentelemetry-sdk (==0.9b0)", "opentelemetry-instrumentation (==0.9b0)"]
pandas = ["pandas (>=0.23.0)"]
pyarrow = ["pyarrow (>=0.16.0,<0.17.0dev)", "pyarrow (>=1.0.0,<2.0de)"]
tqdm = ["tqdm (>=4.7.4,<5.0.0dev)"]

[[package]]
name = "google-cloud-bigtable"
version = "1.6.1"
description = "Google Cloud Bigtable API client library"
category = "main"
optional = false
python-versions = ">=2.7,!=3.0.*,!=3.1.*,!=3.2.*,!=3.3.*"

[package.dependencies]
google-api-core = {version = ">=1.14.0,<2.0.0dev", extras = ["grpc"]}
google-cloud-core = ">=1.4.1,<2.0dev"
grpc-google-iam-v1 = ">=0.12.3,<0.13dev"

[[package]]
name = "google-cloud-build"
version = "2.0.0"
description = "Google Cloud Build API client library"
category = "main"
optional = false
python-versions = ">=3.6"

[package.dependencies]
google-api-core = {version = ">=1.22.0,<2.0.0dev", extras = ["grpc"]}
libcst = ">=0.2.5"
proto-plus = ">=0.4.0"

[[package]]
name = "google-cloud-core"
version = "1.4.4"
description = "Google Cloud API client core library"
category = "main"
optional = false
python-versions = ">=2.7,!=3.0.*,!=3.1.*,!=3.2.*,!=3.3.*"

[package.dependencies]
google-api-core = ">=1.21.0,<2.0.0dev"
six = ">=1.12.0"

[package.extras]
grpc = ["grpcio (>=1.8.2,<2.0dev)"]

[[package]]
name = "google-cloud-datastore"
version = "1.15.3"
description = "Google Cloud Datastore API client library"
category = "main"
optional = false
python-versions = ">=2.7,!=3.0.*,!=3.1.*,!=3.2.*,!=3.3.*"

[package.dependencies]
google-api-core = {version = ">=1.14.0,<2.0.0dev", extras = ["grpc"]}
google-cloud-core = ">=1.4.0,<2.0dev"

[[package]]
name = "google-cloud-dlp"
version = "1.0.0"
description = "Cloud Data Loss Prevention (DLP) API API client library"
category = "main"
optional = false
python-versions = ">=2.7,!=3.0.*,!=3.1.*,!=3.2.*,!=3.3.*"

[package.dependencies]
google-api-core = {version = ">=1.14.0,<2.0.0dev", extras = ["grpc"]}

[[package]]
name = "google-cloud-language"
version = "1.3.0"
description = "Google Cloud Natural Language API client library"
category = "main"
optional = false
python-versions = ">=2.7,!=3.0.*,!=3.1.*,!=3.2.*,!=3.3.*"

[package.dependencies]
google-api-core = {version = ">=1.14.0,<2.0.0dev", extras = ["grpc"]}

[[package]]
name = "google-cloud-pubsub"
version = "1.7.0"
description = "Google Cloud Pub/Sub API client library"
category = "main"
optional = false
python-versions = ">=2.7,!=3.0.*,!=3.1.*,!=3.2.*,!=3.3.*,!=3.4.*"

[package.dependencies]
google-api-core = {version = ">=1.14.0,<1.17.0 || >=1.20.0", extras = ["grpc"]}
grpc-google-iam-v1 = ">=0.12.3,<0.13dev"

[[package]]
name = "google-cloud-spanner"
version = "1.19.1"
description = "Cloud Spanner API client library"
category = "main"
optional = false
python-versions = ">=2.7,!=3.0.*,!=3.1.*,!=3.2.*,!=3.3.*"

[package.dependencies]
google-api-core = {version = ">=1.14.0,<2.0.0dev", extras = ["grpc", "grpcgcp"]}
google-cloud-core = ">=1.4.1,<2.0dev"
grpc-google-iam-v1 = ">=0.12.3,<0.13dev"

[package.extras]
tracing = ["opentelemetry-api (==0.11b0)", "opentelemetry-sdk (==0.11b0)", "opentelemetry-instrumentation (==0.11b0)"]

[[package]]
name = "google-cloud-videointelligence"
version = "1.16.1"
description = "Google Cloud Video Intelligence API client library"
category = "main"
optional = false
python-versions = ">=2.7,!=3.0.*,!=3.1.*,!=3.2.*,!=3.3.*"

[package.dependencies]
google-api-core = {version = ">=1.14.0,<2.0.0dev", extras = ["grpc"]}

[[package]]
name = "google-cloud-vision"
version = "1.0.0"
description = "Cloud Vision API API client library"
category = "main"
optional = false
python-versions = ">=2.7,!=3.0.*,!=3.1.*,!=3.2.*,!=3.3.*"

[package.dependencies]
google-api-core = {version = ">=1.14.0,<2.0.0dev", extras = ["grpc"]}

[[package]]
name = "google-crc32c"
version = "1.0.0"
description = "A python wrapper of the C library 'Google CRC32C'"
category = "main"
optional = false
python-versions = ">=3.5"

[package.dependencies]
cffi = ">=1.0.0"

[package.extras]
testing = ["pytest"]

[[package]]
name = "google-resumable-media"
version = "1.1.0"
description = "Utilities for Google Media Downloads and Resumable Uploads"
category = "main"
optional = false
python-versions = ">=2.7,!=3.0.*,!=3.1.*,!=3.2.*,!=3.3.*,!=3.4.*"

[package.dependencies]
google-crc32c = {version = ">=1.0,<2.0dev", markers = "python_version >= \"3.5\""}
six = "*"

[package.extras]
aiohttp = ["aiohttp (>=3.6.2,<4.0.0dev)"]
requests = ["requests (>=2.18.0,<3.0.0dev)"]

[[package]]
name = "googleapis-common-protos"
version = "1.52.0"
description = "Common protobufs used in Google APIs"
category = "main"
optional = false
python-versions = ">=2.7,!=3.0.*,!=3.1.*,!=3.2.*,!=3.3.*"

[package.dependencies]
grpcio = {version = ">=1.0.0", optional = true, markers = "extra == \"grpc\""}
protobuf = ">=3.6.0"

[package.extras]
grpc = ["grpcio (>=1.0.0)"]

[[package]]
name = "grpc-google-iam-v1"
version = "0.12.3"
description = "GRPC library for the google-iam-v1 service"
category = "main"
optional = false
python-versions = "*"

[package.dependencies]
googleapis-common-protos = {version = ">=1.5.2,<2.0.0dev", extras = ["grpc"]}
grpcio = ">=1.0.0,<2.0.0dev"

[[package]]
name = "grpcio"
version = "1.34.0"
description = "HTTP/2-based RPC framework"
category = "main"
optional = false
python-versions = "*"

[package.dependencies]
six = ">=1.5.2"

[package.extras]
protobuf = ["grpcio-tools (>=1.34.0)"]

[[package]]
name = "grpcio-gcp"
version = "0.2.2"
description = "gRPC extensions for Google Cloud Platform"
category = "main"
optional = false
python-versions = "*"

[package.dependencies]
grpcio = ">=1.12.0"

[[package]]
name = "hdfs"
version = "2.5.8"
description = "HdfsCLI: API and command line interface for HDFS."
category = "main"
optional = false
python-versions = "*"

[package.dependencies]
docopt = "*"
requests = ">=2.7.0"
six = ">=1.9.0"

[package.extras]
avro = ["fastavro (>=0.21.19)"]
dataframe = ["fastavro (>=0.21.19)", "pandas (>=0.14.1)"]
kerberos = ["requests-kerberos (>=0.7.0)"]

[[package]]
name = "httplib2"
version = "0.17.4"
description = "A comprehensive HTTP client library."
category = "main"
optional = false
python-versions = "*"

[[package]]
name = "identify"
version = "1.5.10"
description = "File identification library for Python"
category = "dev"
optional = false
python-versions = "!=3.0.*,!=3.1.*,!=3.2.*,!=3.3.*,>=2.7"

[package.extras]
license = ["editdistance"]

[[package]]
name = "idna"
version = "2.10"
description = "Internationalized Domain Names in Applications (IDNA)"
category = "main"
optional = false
python-versions = ">=2.7, !=3.0.*, !=3.1.*, !=3.2.*, !=3.3.*"

[[package]]
name = "importlib-metadata"
version = "1.7.0"
description = "Read metadata from Python packages"
category = "main"
optional = false
python-versions = "!=3.0.*,!=3.1.*,!=3.2.*,!=3.3.*,!=3.4.*,>=2.7"

[package.dependencies]
zipp = ">=0.5"

[package.extras]
docs = ["sphinx", "rst.linker"]
testing = ["packaging", "pep517", "importlib-resources (>=1.3)"]

[[package]]
name = "iniconfig"
version = "1.1.1"
description = "iniconfig: brain-dead simple config-ini parsing"
category = "dev"
optional = false
python-versions = "*"

[[package]]
name = "isort"
version = "5.6.4"
description = "A Python utility / library to sort Python imports."
category = "dev"
optional = false
python-versions = ">=3.6,<4.0"

[package.extras]
pipfile_deprecated_finder = ["pipreqs", "requirementslib"]
requirements_deprecated_finder = ["pipreqs", "pip-api"]
colors = ["colorama (>=0.4.3,<0.5.0)"]

[[package]]
name = "lazy-object-proxy"
version = "1.4.3"
description = "A fast and thorough lazy object proxy."
category = "dev"
optional = false
python-versions = ">=2.7, !=3.0.*, !=3.1.*, !=3.2.*, !=3.3.*"

[[package]]
name = "libcst"
version = "0.3.15"
description = "A concrete syntax tree with AST-like properties for Python 3.5, 3.6, 3.7 and 3.8 programs."
category = "main"
optional = false
python-versions = ">=3.6"

[package.dependencies]
pyyaml = ">=5.2"
typing-extensions = ">=3.7.4.2"
typing-inspect = ">=0.4.0"

[package.extras]
dev = ["black (==20.8b1)", "codecov (>=2.1.4)", "coverage (>=4.5.4)", "fixit (==0.1.1)", "flake8 (>=3.7.8)", "hypothesis (>=4.36.0)", "hypothesmith (>=0.0.4)", "isort (==5.5.3)", "jupyter (>=1.0.0)", "nbsphinx (>=0.4.2)", "pyre-check (==0.0.41)", "sphinx-rtd-theme (>=0.4.3)", "prompt-toolkit (>=2.0.9)", "tox (>=3.18.1)"]

[[package]]
name = "mccabe"
version = "0.6.1"
description = "McCabe checker, plugin for flake8"
category = "dev"
optional = false
python-versions = "*"

[[package]]
name = "mock"
version = "2.0.0"
description = "Rolling backport of unittest.mock for all Pythons"
category = "main"
optional = false
python-versions = "*"

[package.dependencies]
pbr = ">=0.11"
six = ">=1.9"

[package.extras]
docs = ["sphinx", "Pygments (<2)", "jinja2 (<2.7)", "sphinx (<1.3)"]
test = ["unittest2 (>=1.1.0)"]

[[package]]
name = "monotonic"
version = "1.5"
description = "An implementation of time.monotonic() for Python 2 & < 3.3"
category = "main"
optional = false
python-versions = "*"

[[package]]
name = "mypy"
version = "0.782"
description = "Optional static typing for Python"
category = "dev"
optional = false
python-versions = ">=3.5"

[package.dependencies]
mypy-extensions = ">=0.4.3,<0.5.0"
typed-ast = ">=1.4.0,<1.5.0"
typing-extensions = ">=3.7.4"

[package.extras]
dmypy = ["psutil (>=4.0)"]

[[package]]
name = "mypy-extensions"
version = "0.4.3"
description = "Experimental type system extensions for programs checked with the mypy typechecker."
category = "main"
optional = false
python-versions = "*"

[[package]]
name = "nodeenv"
version = "1.5.0"
description = "Node.js virtual environment builder"
category = "dev"
optional = false
python-versions = "*"

[[package]]
name = "numpy"
version = "1.19.4"
description = "NumPy is the fundamental package for array computing with Python."
category = "main"
optional = false
python-versions = ">=3.6"

[[package]]
name = "oauth2client"
version = "4.1.3"
description = "OAuth 2.0 client library"
category = "main"
optional = false
python-versions = "*"

[package.dependencies]
httplib2 = ">=0.9.1"
pyasn1 = ">=0.1.7"
pyasn1-modules = ">=0.0.5"
rsa = ">=3.1.4"
six = ">=1.6.1"

[[package]]
name = "packaging"
version = "20.7"
description = "Core utilities for Python packages"
category = "main"
optional = false
python-versions = ">=2.7, !=3.0.*, !=3.1.*, !=3.2.*, !=3.3.*"

[package.dependencies]
pyparsing = ">=2.0.2"

[[package]]
name = "pathspec"
version = "0.8.1"
description = "Utility library for gitignore style pattern matching of file paths."
category = "dev"
optional = false
python-versions = ">=2.7, !=3.0.*, !=3.1.*, !=3.2.*, !=3.3.*, !=3.4.*"

[[package]]
name = "pbr"
version = "5.5.1"
description = "Python Build Reasonableness"
category = "main"
optional = false
python-versions = ">=2.6"

[[package]]
name = "pluggy"
version = "0.13.1"
description = "plugin and hook calling mechanisms for python"
category = "dev"
optional = false
python-versions = ">=2.7, !=3.0.*, !=3.1.*, !=3.2.*, !=3.3.*"

[package.dependencies]
importlib-metadata = {version = ">=0.12", markers = "python_version < \"3.8\""}

[package.extras]
dev = ["pre-commit", "tox"]

[[package]]
name = "pre-commit"
version = "2.20.0"
description = "A framework for managing and maintaining multi-language pre-commit hooks."
category = "dev"
optional = false
python-versions = ">=3.7"

[package.dependencies]
cfgv = ">=2.0.0"
identify = ">=1.0.0"
importlib-metadata = {version = "*", markers = "python_version < \"3.8\""}
nodeenv = ">=0.11.1"
pyyaml = ">=5.1"
toml = "*"
virtualenv = ">=20.0.8"

[[package]]
name = "proto-plus"
version = "1.11.0"
description = "Beautiful, Pythonic protocol buffers."
category = "main"
optional = false
python-versions = "*"

[package.dependencies]
protobuf = ">=3.12.0"

[package.extras]
testing = ["google-api-core[grpc] (>=1.22.2)"]

[[package]]
name = "protobuf"
version = "3.14.0"
description = "Protocol Buffers"
category = "main"
optional = false
python-versions = "*"

[package.dependencies]
six = ">=1.9"

[[package]]
name = "py"
version = "1.9.0"
description = "library with cross-python path, ini-parsing, io, code, log facilities"
category = "dev"
optional = false
python-versions = ">=2.7, !=3.0.*, !=3.1.*, !=3.2.*, !=3.3.*"

[[package]]
name = "pyarrow"
version = "0.17.1"
description = "Python library for Apache Arrow"
category = "main"
optional = false
python-versions = ">=3.5"

[package.dependencies]
numpy = ">=1.14"

[[package]]
name = "pyasn1"
version = "0.4.8"
description = "ASN.1 types and codecs"
category = "main"
optional = false
python-versions = "*"

[[package]]
name = "pyasn1-modules"
version = "0.2.8"
description = "A collection of ASN.1-based protocols modules."
category = "main"
optional = false
python-versions = "*"

[package.dependencies]
pyasn1 = ">=0.4.6,<0.5.0"

[[package]]
name = "pycparser"
version = "2.20"
description = "C parser in Python"
category = "main"
optional = false
python-versions = ">=2.7, !=3.0.*, !=3.1.*, !=3.2.*, !=3.3.*"

[[package]]
name = "pydocstyle"
version = "5.1.1"
description = "Python docstring style checker"
category = "dev"
optional = false
python-versions = ">=3.5"

[package.dependencies]
snowballstemmer = "*"

[[package]]
name = "pydot"
version = "1.4.1"
description = "Python interface to Graphviz's Dot"
category = "main"
optional = false
python-versions = ">=2.7, !=3.0.*, !=3.1.*, !=3.2.*, !=3.3.*"

[package.dependencies]
pyparsing = ">=2.1.4"

[[package]]
name = "pygments"
version = "2.7.3"
description = "Pygments is a syntax highlighting package written in Python."
category = "main"
optional = false
python-versions = ">=3.5"

[[package]]
name = "pylint"
version = "2.6.0"
description = "python code static checker"
category = "dev"
optional = false
python-versions = ">=3.5.*"

[package.dependencies]
astroid = ">=2.4.0,<=2.5"
colorama = {version = "*", markers = "sys_platform == \"win32\""}
isort = ">=4.2.5,<6"
mccabe = ">=0.6,<0.7"
toml = ">=0.7.1"

[[package]]
name = "pymongo"
version = "3.11.2"
description = "Python driver for MongoDB <http://www.mongodb.org>"
category = "main"
optional = false
python-versions = "*"

[package.extras]
aws = ["pymongo-auth-aws (<2.0.0)"]
encryption = ["pymongocrypt (<2.0.0)"]
gssapi = ["pykerberos"]
ocsp = ["pyopenssl (>=17.2.0)", "requests (<3.0.0)", "service-identity (>=18.1.0)"]
snappy = ["python-snappy"]
srv = ["dnspython (>=1.16.0,<1.17.0)"]
tls = ["ipaddress"]
zstd = ["zstandard"]

[[package]]
name = "pyparsing"
version = "2.4.7"
description = "Python parsing module"
category = "main"
optional = false
python-versions = ">=2.6, !=3.0.*, !=3.1.*, !=3.2.*"

[[package]]
name = "pytest"
version = "6.1.2"
description = "pytest: simple powerful testing with Python"
category = "dev"
optional = false
python-versions = ">=3.5"

[package.dependencies]
atomicwrites = {version = ">=1.0", markers = "sys_platform == \"win32\""}
attrs = ">=17.4.0"
colorama = {version = "*", markers = "sys_platform == \"win32\""}
importlib-metadata = {version = ">=0.12", markers = "python_version < \"3.8\""}
iniconfig = "*"
packaging = "*"
pluggy = ">=0.12,<1.0"
py = ">=1.8.2"
toml = "*"

[package.extras]
checkqa_mypy = ["mypy (==0.780)"]
testing = ["argcomplete", "hypothesis (>=3.56)", "mock", "nose", "requests", "xmlschema"]

[[package]]
name = "python-dateutil"
version = "2.8.1"
description = "Extensions to the standard Python datetime module"
category = "main"
optional = false
python-versions = "!=3.0.*,!=3.1.*,!=3.2.*,>=2.7"

[package.dependencies]
six = ">=1.5"

[[package]]
name = "pytz"
version = "2020.4"
description = "World timezone definitions, modern and historical"
category = "main"
optional = false
python-versions = "*"

[[package]]
name = "pyupgrade"
version = "2.7.4"
description = "A tool to automatically upgrade syntax for newer versions."
category = "dev"
optional = false
python-versions = ">=3.6.1"

[package.dependencies]
tokenize-rt = ">=3.2.0"

[[package]]
name = "pyyaml"
version = "5.3.1"
description = "YAML parser and emitter for Python"
category = "main"
optional = false
python-versions = ">=2.7, !=3.0.*, !=3.1.*, !=3.2.*, !=3.3.*, !=3.4.*"

[[package]]
name = "regex"
version = "2020.11.13"
description = "Alternative regular expression module, to replace re."
category = "dev"
optional = false
python-versions = "*"

[[package]]
name = "requests"
version = "2.25.0"
description = "Python HTTP for Humans."
category = "main"
optional = false
python-versions = ">=2.7, !=3.0.*, !=3.1.*, !=3.2.*, !=3.3.*, !=3.4.*"

[package.dependencies]
certifi = ">=2017.4.17"
chardet = ">=3.0.2,<4"
idna = ">=2.5,<3"
urllib3 = ">=1.21.1,<1.27"

[package.extras]
security = ["pyOpenSSL (>=0.14)", "cryptography (>=1.3.4)"]
socks = ["PySocks (>=1.5.6,!=1.5.7)", "win-inet-pton"]

[[package]]
name = "rich"
version = "8.0.0"
description = "Render rich text, tables, progress bars, syntax highlighting, markdown and more to the terminal"
category = "main"
optional = false
python-versions = ">=3.6,<4.0"

[package.dependencies]
colorama = ">=0.4.0,<0.5.0"
commonmark = ">=0.9.0,<0.10.0"
pygments = ">=2.6.0,<3.0.0"
typing-extensions = ">=3.7.4,<4.0.0"

[package.extras]
jupyter = ["ipywidgets (>=7.5.1,<8.0.0)"]

[[package]]
name = "rsa"
version = "4.6"
description = "Pure-Python RSA implementation"
category = "main"
optional = false
python-versions = ">=3.5, <4"

[package.dependencies]
pyasn1 = ">=0.1.3"

[[package]]
name = "safety"
version = "1.9.0"
description = "Checks installed dependencies for known vulnerabilities."
category = "dev"
optional = false
python-versions = ">=3.5"

[package.dependencies]
Click = ">=6.0"
dparse = ">=0.5.1"
packaging = "*"
requests = "*"

[[package]]
name = "shellingham"
version = "1.3.2"
description = "Tool to Detect Surrounding Shell"
category = "main"
optional = false
python-versions = "!=3.0,!=3.1,!=3.2,!=3.3,>=2.6"

[[package]]
name = "six"
version = "1.15.0"
description = "Python 2 and 3 compatibility utilities"
category = "main"
optional = false
python-versions = ">=2.7, !=3.0.*, !=3.1.*, !=3.2.*"

[[package]]
name = "smmap"
version = "3.0.4"
description = "A pure Python implementation of a sliding window memory map manager"
category = "dev"
optional = false
python-versions = ">=2.7, !=3.0.*, !=3.1.*, !=3.2.*, !=3.3.*"

[[package]]
name = "snowballstemmer"
version = "2.0.0"
description = "This package provides 26 stemmers for 25 languages generated from Snowball algorithms."
category = "dev"
optional = false
python-versions = "*"

[[package]]
name = "stevedore"
version = "3.3.0"
description = "Manage dynamic plugins for Python applications"
category = "dev"
optional = false
python-versions = ">=3.6"

[package.dependencies]
importlib-metadata = {version = ">=1.7.0", markers = "python_version < \"3.8\""}
pbr = ">=2.0.0,<2.1.0 || >2.1.0"

[[package]]
name = "tokenize-rt"
version = "4.0.0"
description = "A wrapper around the stdlib `tokenize` which roundtrips."
category = "dev"
optional = false
python-versions = ">=3.6.1"

[[package]]
name = "toml"
version = "0.10.2"
description = "Python Library for Tom's Obvious, Minimal Language"
category = "dev"
optional = false
python-versions = ">=2.6, !=3.0.*, !=3.1.*, !=3.2.*"

[[package]]
name = "typed-ast"
version = "1.4.1"
description = "a fork of Python 2 and 3 ast modules with type comment support"
category = "dev"
optional = false
python-versions = "*"

[[package]]
name = "typer"
version = "0.3.2"
description = "Typer, build great CLIs. Easy to code. Based on Python type hints."
category = "main"
optional = false
python-versions = ">=3.6"

[package.dependencies]
click = ">=7.1.1,<7.2.0"
colorama = {version = ">=0.4.3,<0.5.0", optional = true, markers = "extra == \"all\""}
shellingham = {version = ">=1.3.0,<2.0.0", optional = true, markers = "extra == \"all\""}

[package.extras]
test = ["pytest-xdist (>=1.32.0,<2.0.0)", "pytest-sugar (>=0.9.4,<0.10.0)", "mypy (==0.782)", "black (>=19.10b0,<20.0b0)", "isort (>=5.0.6,<6.0.0)", "shellingham (>=1.3.0,<2.0.0)", "pytest (>=4.4.0,<5.4.0)", "pytest-cov (>=2.10.0,<3.0.0)", "coverage (>=5.2,<6.0)"]
all = ["colorama (>=0.4.3,<0.5.0)", "shellingham (>=1.3.0,<2.0.0)"]
dev = ["autoflake (>=1.3.1,<2.0.0)", "flake8 (>=3.8.3,<4.0.0)"]
doc = ["mkdocs (>=1.1.2,<2.0.0)", "mkdocs-material (>=5.4.0,<6.0.0)", "markdown-include (>=0.5.1,<0.6.0)"]

[[package]]
name = "typing-extensions"
version = "3.7.4.3"
description = "Backported and Experimental Type Hints for Python 3.5+"
category = "main"
optional = false
python-versions = "*"

[[package]]
name = "typing-inspect"
version = "0.6.0"
description = "Runtime inspection utilities for typing module."
category = "main"
optional = false
python-versions = "*"

[package.dependencies]
mypy-extensions = ">=0.3.0"
typing-extensions = ">=3.7.4"

[[package]]
name = "urllib3"
version = "1.26.2"
description = "HTTP library with thread-safe connection pooling, file post, and more."
category = "main"
optional = false
python-versions = ">=2.7, !=3.0.*, !=3.1.*, !=3.2.*, !=3.3.*, !=3.4.*, <4"

[package.extras]
brotli = ["brotlipy (>=0.6.0)"]
secure = ["pyOpenSSL (>=0.14)", "cryptography (>=1.3.4)", "idna (>=2.0.0)", "certifi", "ipaddress"]
socks = ["PySocks (>=1.5.6,!=1.5.7,<2.0)"]

[[package]]
name = "virtualenv"
version = "20.2.2"
description = "Virtual Python Environment builder"
category = "dev"
optional = false
python-versions = "!=3.0.*,!=3.1.*,!=3.2.*,!=3.3.*,>=2.7"

[package.dependencies]
appdirs = ">=1.4.3,<2"
distlib = ">=0.3.1,<1"
filelock = ">=3.0.0,<4"
importlib-metadata = {version = ">=0.12", markers = "python_version < \"3.8\""}
six = ">=1.9.0,<2"

[package.extras]
docs = ["proselint (>=0.10.2)", "sphinx (>=3)", "sphinx-argparse (>=0.2.5)", "sphinx-rtd-theme (>=0.4.3)", "towncrier (>=19.9.0rc1)"]
testing = ["coverage (>=4)", "coverage-enable-subprocess (>=1)", "flaky (>=3)", "pytest (>=4)", "pytest-env (>=0.6.2)", "pytest-freezegun (>=0.4.1)", "pytest-mock (>=2)", "pytest-randomly (>=1)", "pytest-timeout (>=1)", "pytest-xdist (>=1.31.0)", "packaging (>=20.0)", "xonsh (>=0.9.16)"]

[[package]]
name = "wrapt"
version = "1.12.1"
description = "Module for decorators, wrappers and monkey patching."
category = "dev"
optional = false
python-versions = "*"

[[package]]
name = "zipp"
version = "3.4.0"
description = "Backport of pathlib-compatible object wrapper for zip files"
category = "main"
optional = false
python-versions = ">=3.6"

[package.extras]
docs = ["sphinx", "jaraco.packaging (>=3.2)", "rst.linker (>=1.9)"]
testing = ["pytest (>=3.5,!=3.7.3)", "pytest-checkdocs (>=1.2.3)", "pytest-flake8", "pytest-cov", "jaraco.test (>=3.2.0)", "jaraco.itertools", "func-timeout", "pytest-black (>=0.3.7)", "pytest-mypy"]

[metadata]
lock-version = "1.1"
python-versions = "^3.7"
content-hash = "9dd0de8a3adb60226bc40978086ba5c071e8e29379162cbefb02bbf4a99e712c"

[metadata.files]
apache-beam = []
appdirs = []
astroid = []
atomicwrites = []
attrs = []
avro-python3 = []
bandit = []
black = []
cachetools = []
certifi = []
cffi = []
cfgv = []
chardet = []
click = []
colorama = []
commonmark = []
crcmod = []
darglint = []
dill = []
distlib = []
docopt = []
dparse = []
fastavro = []
fasteners = []
filelock = []
future = []
gitdb = []
gitpython = []
google-api-core = []
google-apitools = []
google-auth = []
google-cloud-bigquery = []
google-cloud-bigtable = []
google-cloud-build = []
google-cloud-core = []
google-cloud-datastore = []
google-cloud-dlp = []
google-cloud-language = []
google-cloud-pubsub = []
google-cloud-spanner = []
google-cloud-videointelligence = []
google-cloud-vision = []
google-crc32c = []
google-resumable-media = []
googleapis-common-protos = []
grpc-google-iam-v1 = []
grpcio = []
grpcio-gcp = []
hdfs = []
httplib2 = []
identify = []
idna = []
importlib-metadata = []
iniconfig = []
isort = []
lazy-object-proxy = []
libcst = []
mccabe = []
mock = []
monotonic = []
mypy = []
mypy-extensions = []
nodeenv = []
numpy = []
oauth2client = []
packaging = []
pathspec = []
pbr = []
pluggy = []
pre-commit = []
proto-plus = []
protobuf = []
py = []
pyarrow = []
pyasn1 = []
pyasn1-modules = []
pycparser = []
pydocstyle = []
pydot = []
pygments = []
pylint = []
pymongo = []
pyparsing = []
pytest = []
python-dateutil = []
pytz = []
pyupgrade = []
pyyaml = []
regex = []
requests = []
rich = []
rsa = []
safety = []
shellingham = []
six = []
smmap = []
snowballstemmer = []
stevedore = []
tokenize-rt = []
toml = []
typed-ast = []
typer = []
typing-extensions = []
typing-inspect = []
urllib3 = []
virtualenv = []
wrapt = []
zipp = []
